
Microsoft Visual Studio Solution File, Format Version 12.00
# Visual Studio Version 16
VisualStudioVersion = 16.0.31005.135
MinimumVisualStudioVersion = 10.0.40219.1
Project("{9A19103F-16F7-4668-BE54-9A1E7A4F7556}") = "SampleApplicationTest", "SampleApplicationTest\SampleApplicationTest.csproj", "{B494A4AD-8B59-4BCE-9AE3-430421CD31CB}"
EndProject
Project("{9A19103F-16F7-4668-BE54-9A1E7A4F7556}") = "SampleWebApp", "SampleWebApp\SampleWebApp.csproj", "{9F99300C-4825-49C7-A936-436A67ECF12A}"
EndProject
Global
	GlobalSection(SolutionConfigurationPlatforms) = preSolution
		Debug|Any CPU = Debug|Any CPU
		Release|Any CPU = Release|Any CPU
	EndGlobalSection
	GlobalSection(ProjectConfigurationPlatforms) = postSolution
		{B494A4AD-8B59-4BCE-9AE3-430421CD31CB}.Debug|Any CPU.ActiveCfg = Debug|Any CPU
		{B494A4AD-8B59-4BCE-9AE3-430421CD31CB}.Debug|Any CPU.Build.0 = Debug|Any CPU
		{B494A4AD-8B59-4BCE-9AE3-430421CD31CB}.Release|Any CPU.ActiveCfg = Release|Any CPU
		{B494A4AD-8B59-4BCE-9AE3-430421CD31CB}.Release|Any CPU.Build.0 = Release|Any CPU
		{9F99300C-4825-49C7-A936-436A67ECF12A}.Debug|Any CPU.ActiveCfg = Debug|Any CPU
		{9F99300C-4825-49C7-A936-436A67ECF12A}.Debug|Any CPU.Build.0 = Debug|Any CPU
		{9F99300C-4825-49C7-A936-436A67ECF12A}.Release|Any CPU.ActiveCfg = Release|Any CPU
		{9F99300C-4825-49C7-A936-436A67ECF12A}.Release|Any CPU.Build.0 = Release|Any CPU
	EndGlobalSection
	GlobalSection(SolutionProperties) = preSolution
		HideSolutionNode = FALSE
	EndGlobalSection
	GlobalSection(ExtensibilityGlobals) = postSolution
		SolutionGuid = {8F9AC277-FBC0-41E1-803D-535B59A927E8}
	EndGlobalSection
EndGlobal
